// !$*UTF8*$!
{
	archiveVersion = 1;
	classes = {
	};
	objectVersion = 46;
	objects = {

/* Begin PBXBuildFile section */
		5ACB5ECB93624351988853D8 /* libPods.a in Frameworks */ = {isa = PBXBuildFile; fileRef = 78539FF2464A43E5A9911024 /* libPods.a */; };
		A50E6E5C176581CF0081F637 /* SupperClassNetworkAPI.m in Sources */ = {isa = PBXBuildFile; fileRef = A50E6E5B176581CF0081F637 /* SupperClassNetworkAPI.m */; };
		A52BC2431759FE7F0044E26C /* UserInfo.m in Sources */ = {isa = PBXBuildFile; fileRef = A52BC2421759FE7F0044E26C /* UserInfo.m */; };
		A55153A6175B23B600E72930 /* SuperClass.xcdatamodeld in Sources */ = {isa = PBXBuildFile; fileRef = A55153A4175B23B600E72930 /* SuperClass.xcdatamodeld */; };
		A55153A9175B24F700E72930 /* UserInfo_coredata.m in Sources */ = {isa = PBXBuildFile; fileRef = A55153A8175B24F700E72930 /* UserInfo_coredata.m */; };
		A5B2CCF617564CFD007BE78F /* UIKit.framework in Frameworks */ = {isa = PBXBuildFile; fileRef = A5B2CCF517564CFD007BE78F /* UIKit.framework */; };
		A5B2CCF817564CFD007BE78F /* Foundation.framework in Frameworks */ = {isa = PBXBuildFile; fileRef = A5B2CCF717564CFD007BE78F /* Foundation.framework */; };
		A5B2CCFA17564CFD007BE78F /* CoreGraphics.framework in Frameworks */ = {isa = PBXBuildFile; fileRef = A5B2CCF917564CFD007BE78F /* CoreGraphics.framework */; };
		A5B2CD0017564CFD007BE78F /* InfoPlist.strings in Resources */ = {isa = PBXBuildFile; fileRef = A5B2CCFE17564CFD007BE78F /* InfoPlist.strings */; };
		A5B2CD0217564CFD007BE78F /* main.m in Sources */ = {isa = PBXBuildFile; fileRef = A5B2CD0117564CFD007BE78F /* main.m */; };
		A5B2CD0817564CFD007BE78F /* Default.png in Resources */ = {isa = PBXBuildFile; fileRef = A5B2CD0717564CFD007BE78F /* Default.png */; };
		A5B2CD0A17564CFD007BE78F /* Default@2x.png in Resources */ = {isa = PBXBuildFile; fileRef = A5B2CD0917564CFD007BE78F /* Default@2x.png */; };
		A5B2CD0C17564CFD007BE78F /* Default-568h@2x.png in Resources */ = {isa = PBXBuildFile; fileRef = A5B2CD0B17564CFD007BE78F /* Default-568h@2x.png */; };
		A5B2CD1217564CFD007BE78F /* ViewController.xib in Resources */ = {isa = PBXBuildFile; fileRef = A5B2CD1017564CFD007BE78F /* ViewController.xib */; };
		A5B2CD1A17564CFD007BE78F /* SenTestingKit.framework in Frameworks */ = {isa = PBXBuildFile; fileRef = A5B2CD1917564CFD007BE78F /* SenTestingKit.framework */; };
		A5B2CD1B17564CFD007BE78F /* UIKit.framework in Frameworks */ = {isa = PBXBuildFile; fileRef = A5B2CCF517564CFD007BE78F /* UIKit.framework */; };
		A5B2CD1C17564CFD007BE78F /* Foundation.framework in Frameworks */ = {isa = PBXBuildFile; fileRef = A5B2CCF717564CFD007BE78F /* Foundation.framework */; };
		A5B2CD2417564CFD007BE78F /* InfoPlist.strings in Resources */ = {isa = PBXBuildFile; fileRef = A5B2CD2217564CFD007BE78F /* InfoPlist.strings */; };
		A5B2CD2717564CFD007BE78F /* SuperClassTests.m in Sources */ = {isa = PBXBuildFile; fileRef = A5B2CD2617564CFD007BE78F /* SuperClassTests.m */; };
		A5E9C7A7176A01BA0069A689 /* AppDelegate.m in Sources */ = {isa = PBXBuildFile; fileRef = A5E9C7A5176A01BA0069A689 /* AppDelegate.m */; };
		A5E9C7A8176A01BA0069A689 /* ViewController.m in Sources */ = {isa = PBXBuildFile; fileRef = A5E9C7A6176A01BA0069A689 /* ViewController.m */; };
		A5EF7AA717577A1100598899 /* DouBanConnection.framework in Frameworks */ = {isa = PBXBuildFile; fileRef = A5EF7A7D17577A1000598899 /* DouBanConnection.framework */; };
		A5EF7AA817577A1100598899 /* FacebookConnection.framework in Frameworks */ = {isa = PBXBuildFile; fileRef = A5EF7A7E17577A1100598899 /* FacebookConnection.framework */; };
		A5EF7AA917577A1100598899 /* InstapaperConnection.framework in Frameworks */ = {isa = PBXBuildFile; fileRef = A5EF7A7F17577A1100598899 /* InstapaperConnection.framework */; };
		A5EF7AAA17577A1100598899 /* InstapaperResource.bundle in Resources */ = {isa = PBXBuildFile; fileRef = A5EF7A8017577A1100598899 /* InstapaperResource.bundle */; };
		A5EF7AAB17577A1100598899 /* KaiXinConnection.framework in Frameworks */ = {isa = PBXBuildFile; fileRef = A5EF7A8117577A1100598899 /* KaiXinConnection.framework */; };
		A5EF7AAC17577A1100598899 /* MailConnection.framework in Frameworks */ = {isa = PBXBuildFile; fileRef = A5EF7A8217577A1100598899 /* MailConnection.framework */; };
		A5EF7AAD17577A1100598899 /* PrintConnection.framework in Frameworks */ = {isa = PBXBuildFile; fileRef = A5EF7A8317577A1100598899 /* PrintConnection.framework */; };
		A5EF7AAE17577A1100598899 /* QQConnection.framework in Frameworks */ = {isa = PBXBuildFile; fileRef = A5EF7A8417577A1100598899 /* QQConnection.framework */; };
		A5EF7AAF17577A1100598899 /* QZoneConnection.framework in Frameworks */ = {isa = PBXBuildFile; fileRef = A5EF7A8517577A1100598899 /* QZoneConnection.framework */; };
		A5EF7AB017577A1100598899 /* RenRenConnection.framework in Frameworks */ = {isa = PBXBuildFile; fileRef = A5EF7A8617577A1100598899 /* RenRenConnection.framework */; };
		A5EF7AB117577A1100598899 /* SinaWeiboConnection.framework in Frameworks */ = {isa = PBXBuildFile; fileRef = A5EF7A8717577A1100598899 /* SinaWeiboConnection.framework */; };
		A5EF7AB217577A1100598899 /* SMSConnection.framework in Frameworks */ = {isa = PBXBuildFile; fileRef = A5EF7A8817577A1100598899 /* SMSConnection.framework */; };
		A5EF7AB317577A1100598899 /* SohuConnection.framework in Frameworks */ = {isa = PBXBuildFile; fileRef = A5EF7A8917577A1100598899 /* SohuConnection.framework */; };
		A5EF7AB417577A1100598899 /* SohuWeiboConnection.framework in Frameworks */ = {isa = PBXBuildFile; fileRef = A5EF7A8A17577A1100598899 /* SohuWeiboConnection.framework */; };
		A5EF7AB517577A1100598899 /* T163WeiboConnection.framework in Frameworks */ = {isa = PBXBuildFile; fileRef = A5EF7A8B17577A1100598899 /* T163WeiboConnection.framework */; };
		A5EF7AB617577A1100598899 /* TencentWeiboConnection.framework in Frameworks */ = {isa = PBXBuildFile; fileRef = A5EF7A8C17577A1100598899 /* TencentWeiboConnection.framework */; };
		A5EF7AB717577A1100598899 /* TwitterConnection.framework in Frameworks */ = {isa = PBXBuildFile; fileRef = A5EF7A8D17577A1100598899 /* TwitterConnection.framework */; };
		A5EF7AB817577A1100598899 /* WeChatConnection.framework in Frameworks */ = {isa = PBXBuildFile; fileRef = A5EF7A8E17577A1100598899 /* WeChatConnection.framework */; };
		A5EF7AB917577A1100598899 /* YouDaoNoteConnection.framework in Frameworks */ = {isa = PBXBuildFile; fileRef = A5EF7A8F17577A1100598899 /* YouDaoNoteConnection.framework */; };
		A5EF7ABA17577A1100598899 /* AGCommon.framework in Frameworks */ = {isa = PBXBuildFile; fileRef = A5EF7A9117577A1100598899 /* AGCommon.framework */; };
		A5EF7ABB17577A1100598899 /* ShareSDKLocalizable.strings in Resources */ = {isa = PBXBuildFile; fileRef = A5EF7A9217577A1100598899 /* ShareSDKLocalizable.strings */; };
		A5EF7ABC17577A1100598899 /* Resource.bundle in Resources */ = {isa = PBXBuildFile; fileRef = A5EF7A9417577A1100598899 /* Resource.bundle */; };
		A5EF7ABD17577A1100598899 /* ShareSDKCoreService.framework in Frameworks */ = {isa = PBXBuildFile; fileRef = A5EF7A9517577A1100598899 /* ShareSDKCoreService.framework */; };
		A5EF7ABE17577A1100598899 /* QQApi.framework in Frameworks */ = {isa = PBXBuildFile; fileRef = A5EF7A9717577A1100598899 /* QQApi.framework */; };
		A5EF7ABF17577A1100598899 /* libWeChatSDK_armv7_armv7s.a in Frameworks */ = {isa = PBXBuildFile; fileRef = A5EF7A9917577A1100598899 /* libWeChatSDK_armv7_armv7s.a */; };
		A5EF7AC017577A1100598899 /* ShareSDK.framework in Frameworks */ = {isa = PBXBuildFile; fileRef = A5EF7A9C17577A1100598899 /* ShareSDK.framework */; };
		A5EF7AC117577A1100598899 /* ShareSDKiPadDefaultShareViewUI.bundle in Resources */ = {isa = PBXBuildFile; fileRef = A5EF7A9E17577A1100598899 /* ShareSDKiPadDefaultShareViewUI.bundle */; };
		A5EF7AC217577A1100598899 /* ShareSDKiPadDefaultShareViewUI.framework in Frameworks */ = {isa = PBXBuildFile; fileRef = A5EF7A9F17577A1100598899 /* ShareSDKiPadDefaultShareViewUI.framework */; };
		A5EF7AC317577A1100598899 /* ShareSDKiPadSimpleShareViewUI.bundle in Resources */ = {isa = PBXBuildFile; fileRef = A5EF7AA017577A1100598899 /* ShareSDKiPadSimpleShareViewUI.bundle */; };
		A5EF7AC417577A1100598899 /* ShareSDKiPadSimpleShareViewUI.framework in Frameworks */ = {isa = PBXBuildFile; fileRef = A5EF7AA117577A1100598899 /* ShareSDKiPadSimpleShareViewUI.framework */; };
		A5EF7AC517577A1100598899 /* ShareSDKiPhoneAppRecommendShareViewUI.framework in Frameworks */ = {isa = PBXBuildFile; fileRef = A5EF7AA217577A1100598899 /* ShareSDKiPhoneAppRecommendShareViewUI.framework */; };
		A5EF7AC617577A1100598899 /* ShareSDKiPhoneDefaultShareViewUI.bundle in Resources */ = {isa = PBXBuildFile; fileRef = A5EF7AA317577A1100598899 /* ShareSDKiPhoneDefaultShareViewUI.bundle */; };
		A5EF7AC717577A1100598899 /* ShareSDKiPhoneDefaultShareViewUI.framework in Frameworks */ = {isa = PBXBuildFile; fileRef = A5EF7AA417577A1100598899 /* ShareSDKiPhoneDefaultShareViewUI.framework */; };
		A5EF7AC817577A1100598899 /* ShareSDKiPhoneSimpleShareViewUI.bundle in Resources */ = {isa = PBXBuildFile; fileRef = A5EF7AA517577A1100598899 /* ShareSDKiPhoneSimpleShareViewUI.bundle */; };
		A5EF7AC917577A1100598899 /* ShareSDKiPhoneSimpleShareViewUI.framework in Frameworks */ = {isa = PBXBuildFile; fileRef = A5EF7AA617577A1100598899 /* ShareSDKiPhoneSimpleShareViewUI.framework */; };
		A5EF7ACB17577A9100598899 /* SystemConfiguration.framework in Frameworks */ = {isa = PBXBuildFile; fileRef = A5EF7ACA17577A9100598899 /* SystemConfiguration.framework */; };
		A5EF7ACD17577A9B00598899 /* QuartzCore.framework in Frameworks */ = {isa = PBXBuildFile; fileRef = A5EF7ACC17577A9B00598899 /* QuartzCore.framework */; };
		A5EF7ACF17577AA700598899 /* libicucore.dylib in Frameworks */ = {isa = PBXBuildFile; fileRef = A5EF7ACE17577AA700598899 /* libicucore.dylib */; };
		A5EF7AD117577ABA00598899 /* libz.1.2.5.dylib in Frameworks */ = {isa = PBXBuildFile; fileRef = A5EF7AD017577ABA00598899 /* libz.1.2.5.dylib */; };
		A5EF7AD317577B5100598899 /* MessageUI.framework in Frameworks */ = {isa = PBXBuildFile; fileRef = A5EF7AD217577B5100598899 /* MessageUI.framework */; };
		A5EF7AE71757819600598899 /* DDAbstractDatabaseLogger.m in Sources */ = {isa = PBXBuildFile; fileRef = A5EF7AD61757819600598899 /* DDAbstractDatabaseLogger.m */; };
		A5EF7AE81757819600598899 /* DDASLLogger.m in Sources */ = {isa = PBXBuildFile; fileRef = A5EF7AD81757819600598899 /* DDASLLogger.m */; };
		A5EF7AE91757819600598899 /* DDFileLogger.m in Sources */ = {isa = PBXBuildFile; fileRef = A5EF7ADA1757819600598899 /* DDFileLogger.m */; };
		A5EF7AEA1757819600598899 /* DDLog.m in Sources */ = {isa = PBXBuildFile; fileRef = A5EF7ADC1757819600598899 /* DDLog.m */; };
		A5EF7AEB1757819600598899 /* DDTTYLogger.m in Sources */ = {isa = PBXBuildFile; fileRef = A5EF7ADE1757819600598899 /* DDTTYLogger.m */; };
		A5EF7AEC1757819600598899 /* ContextFilterLogFormatter.m in Sources */ = {isa = PBXBuildFile; fileRef = A5EF7AE11757819600598899 /* ContextFilterLogFormatter.m */; };
		A5EF7AED1757819600598899 /* DispatchQueueLogFormatter.m in Sources */ = {isa = PBXBuildFile; fileRef = A5EF7AE31757819600598899 /* DispatchQueueLogFormatter.m */; };
		A5EF7AEE1757819600598899 /* README.txt in Resources */ = {isa = PBXBuildFile; fileRef = A5EF7AE41757819600598899 /* README.txt */; };
		A5EF7AEF1757819600598899 /* MyCustomLogFormatter.m in Sources */ = {isa = PBXBuildFile; fileRef = A5EF7AE61757819600598899 /* MyCustomLogFormatter.m */; };
/* End PBXBuildFile section */

/* Begin PBXContainerItemProxy section */
		A5B2CD1D17564CFD007BE78F /* PBXContainerItemProxy */ = {
			isa = PBXContainerItemProxy;
			containerPortal = A5B2CCEA17564CFD007BE78F /* Project object */;
			proxyType = 1;
			remoteGlobalIDString = A5B2CCF117564CFD007BE78F;
			remoteInfo = SuperClass;
		};
/* End PBXContainerItemProxy section */

/* Begin PBXFileReference section */
		2881E3BD3ECF46B0B898D021 /* Pods.xcconfig */ = {isa = PBXFileReference; includeInIndex = 1; lastKnownFileType = text.xcconfig; name = Pods.xcconfig; path = Pods/Pods.xcconfig; sourceTree = SOURCE_ROOT; };
		78539FF2464A43E5A9911024 /* libPods.a */ = {isa = PBXFileReference; explicitFileType = archive.ar; includeInIndex = 0; path = libPods.a; sourceTree = BUILT_PRODUCTS_DIR; };
		A50E6E5A176581CE0081F637 /* SupperClassNetworkAPI.h */ = {isa = PBXFileReference; fileEncoding = 4; lastKnownFileType = sourcecode.c.h; path = SupperClassNetworkAPI.h; sourceTree = "<group>"; };
		A50E6E5B176581CF0081F637 /* SupperClassNetworkAPI.m */ = {isa = PBXFileReference; fileEncoding = 4; lastKnownFileType = sourcecode.c.objc; path = SupperClassNetworkAPI.m; sourceTree = "<group>"; };
		A52BC2411759FE7F0044E26C /* UserInfo.h */ = {isa = PBXFileReference; fileEncoding = 4; lastKnownFileType = sourcecode.c.h; path = UserInfo.h; sourceTree = "<group>"; };
		A52BC2421759FE7F0044E26C /* UserInfo.m */ = {isa = PBXFileReference; fileEncoding = 4; lastKnownFileType = sourcecode.c.objc; path = UserInfo.m; sourceTree = "<group>"; };
		A55153A5175B23B600E72930 /* SuperClass.xcdatamodel */ = {isa = PBXFileReference; lastKnownFileType = wrapper.xcdatamodel; path = SuperClass.xcdatamodel; sourceTree = "<group>"; };
		A55153A7175B24F700E72930 /* UserInfo_coredata.h */ = {isa = PBXFileReference; fileEncoding = 4; lastKnownFileType = sourcecode.c.h; path = UserInfo_coredata.h; sourceTree = "<group>"; };
		A55153A8175B24F700E72930 /* UserInfo_coredata.m */ = {isa = PBXFileReference; fileEncoding = 4; lastKnownFileType = sourcecode.c.objc; path = UserInfo_coredata.m; sourceTree = "<group>"; };
		A5B2CCF217564CFD007BE78F /* SuperClass.app */ = {isa = PBXFileReference; explicitFileType = wrapper.application; includeInIndex = 0; path = SuperClass.app; sourceTree = BUILT_PRODUCTS_DIR; };
		A5B2CCF517564CFD007BE78F /* UIKit.framework */ = {isa = PBXFileReference; lastKnownFileType = wrapper.framework; name = UIKit.framework; path = System/Library/Frameworks/UIKit.framework; sourceTree = SDKROOT; };
		A5B2CCF717564CFD007BE78F /* Foundation.framework */ = {isa = PBXFileReference; lastKnownFileType = wrapper.framework; name = Foundation.framework; path = System/Library/Frameworks/Foundation.framework; sourceTree = SDKROOT; };
		A5B2CCF917564CFD007BE78F /* CoreGraphics.framework */ = {isa = PBXFileReference; lastKnownFileType = wrapper.framework; name = CoreGraphics.framework; path = System/Library/Frameworks/CoreGraphics.framework; sourceTree = SDKROOT; };
		A5B2CCFD17564CFD007BE78F /* SuperClass-Info.plist */ = {isa = PBXFileReference; lastKnownFileType = text.plist.xml; path = "SuperClass-Info.plist"; sourceTree = "<group>"; };
		A5B2CCFF17564CFD007BE78F /* en */ = {isa = PBXFileReference; lastKnownFileType = text.plist.strings; name = en; path = en.lproj/InfoPlist.strings; sourceTree = "<group>"; };
		A5B2CD0117564CFD007BE78F /* main.m */ = {isa = PBXFileReference; lastKnownFileType = sourcecode.c.objc; path = main.m; sourceTree = "<group>"; };
		A5B2CD0317564CFD007BE78F /* SuperClass-Prefix.pch */ = {isa = PBXFileReference; lastKnownFileType = sourcecode.c.h; path = "SuperClass-Prefix.pch"; sourceTree = "<group>"; };
		A5B2CD0417564CFD007BE78F /* AppDelegate.h */ = {isa = PBXFileReference; lastKnownFileType = sourcecode.c.h; path = AppDelegate.h; sourceTree = "<group>"; };
		A5B2CD0717564CFD007BE78F /* Default.png */ = {isa = PBXFileReference; lastKnownFileType = image.png; path = Default.png; sourceTree = "<group>"; };
		A5B2CD0917564CFD007BE78F /* Default@2x.png */ = {isa = PBXFileReference; lastKnownFileType = image.png; path = "Default@2x.png"; sourceTree = "<group>"; };
		A5B2CD0B17564CFD007BE78F /* Default-568h@2x.png */ = {isa = PBXFileReference; lastKnownFileType = image.png; path = "Default-568h@2x.png"; sourceTree = "<group>"; };
		A5B2CD0D17564CFD007BE78F /* ViewController.h */ = {isa = PBXFileReference; lastKnownFileType = sourcecode.c.h; path = ViewController.h; sourceTree = "<group>"; };
		A5B2CD1117564CFD007BE78F /* en */ = {isa = PBXFileReference; lastKnownFileType = file.xib; name = en; path = en.lproj/ViewController.xib; sourceTree = "<group>"; };
		A5B2CD1817564CFD007BE78F /* SuperClassTests.octest */ = {isa = PBXFileReference; explicitFileType = wrapper.cfbundle; includeInIndex = 0; path = SuperClassTests.octest; sourceTree = BUILT_PRODUCTS_DIR; };
		A5B2CD1917564CFD007BE78F /* SenTestingKit.framework */ = {isa = PBXFileReference; lastKnownFileType = wrapper.framework; name = SenTestingKit.framework; path = Library/Frameworks/SenTestingKit.framework; sourceTree = DEVELOPER_DIR; };
		A5B2CD2117564CFD007BE78F /* SuperClassTests-Info.plist */ = {isa = PBXFileReference; lastKnownFileType = text.plist.xml; path = "SuperClassTests-Info.plist"; sourceTree = "<group>"; };
		A5B2CD2317564CFD007BE78F /* en */ = {isa = PBXFileReference; lastKnownFileType = text.plist.strings; name = en; path = en.lproj/InfoPlist.strings; sourceTree = "<group>"; };
		A5B2CD2517564CFD007BE78F /* SuperClassTests.h */ = {isa = PBXFileReference; lastKnownFileType = sourcecode.c.h; path = SuperClassTests.h; sourceTree = "<group>"; };
		A5B2CD2617564CFD007BE78F /* SuperClassTests.m */ = {isa = PBXFileReference; lastKnownFileType = sourcecode.c.objc; path = SuperClassTests.m; sourceTree = "<group>"; };
		A5E9C7A5176A01BA0069A689 /* AppDelegate.m */ = {isa = PBXFileReference; fileEncoding = 4; lastKnownFileType = sourcecode.c.objc; path = AppDelegate.m; sourceTree = "<group>"; };
		A5E9C7A6176A01BA0069A689 /* ViewController.m */ = {isa = PBXFileReference; fileEncoding = 4; lastKnownFileType = sourcecode.c.objc; path = ViewController.m; sourceTree = "<group>"; };
		A5EF7A7D17577A1000598899 /* DouBanConnection.framework */ = {isa = PBXFileReference; lastKnownFileType = wrapper.framework; path = DouBanConnection.framework; sourceTree = "<group>"; };
		A5EF7A7E17577A1100598899 /* FacebookConnection.framework */ = {isa = PBXFileReference; lastKnownFileType = wrapper.framework; path = FacebookConnection.framework; sourceTree = "<group>"; };
		A5EF7A7F17577A1100598899 /* InstapaperConnection.framework */ = {isa = PBXFileReference; lastKnownFileType = wrapper.framework; path = InstapaperConnection.framework; sourceTree = "<group>"; };
		A5EF7A8017577A1100598899 /* InstapaperResource.bundle */ = {isa = PBXFileReference; lastKnownFileType = "wrapper.plug-in"; path = InstapaperResource.bundle; sourceTree = "<group>"; };
		A5EF7A8117577A1100598899 /* KaiXinConnection.framework */ = {isa = PBXFileReference; lastKnownFileType = wrapper.framework; path = KaiXinConnection.framework; sourceTree = "<group>"; };
		A5EF7A8217577A1100598899 /* MailConnection.framework */ = {isa = PBXFileReference; lastKnownFileType = wrapper.framework; path = MailConnection.framework; sourceTree = "<group>"; };
		A5EF7A8317577A1100598899 /* PrintConnection.framework */ = {isa = PBXFileReference; lastKnownFileType = wrapper.framework; path = PrintConnection.framework; sourceTree = "<group>"; };
		A5EF7A8417577A1100598899 /* QQConnection.framework */ = {isa = PBXFileReference; lastKnownFileType = wrapper.framework; path = QQConnection.framework; sourceTree = "<group>"; };
		A5EF7A8517577A1100598899 /* QZoneConnection.framework */ = {isa = PBXFileReference; lastKnownFileType = wrapper.framework; path = QZoneConnection.framework; sourceTree = "<group>"; };
		A5EF7A8617577A1100598899 /* RenRenConnection.framework */ = {isa = PBXFileReference; lastKnownFileType = wrapper.framework; path = RenRenConnection.framework; sourceTree = "<group>"; };
		A5EF7A8717577A1100598899 /* SinaWeiboConnection.framework */ = {isa = PBXFileReference; lastKnownFileType = wrapper.framework; path = SinaWeiboConnection.framework; sourceTree = "<group>"; };
		A5EF7A8817577A1100598899 /* SMSConnection.framework */ = {isa = PBXFileReference; lastKnownFileType = wrapper.framework; path = SMSConnection.framework; sourceTree = "<group>"; };
		A5EF7A8917577A1100598899 /* SohuConnection.framework */ = {isa = PBXFileReference; lastKnownFileType = wrapper.framework; path = SohuConnection.framework; sourceTree = "<group>"; };
		A5EF7A8A17577A1100598899 /* SohuWeiboConnection.framework */ = {isa = PBXFileReference; lastKnownFileType = wrapper.framework; path = SohuWeiboConnection.framework; sourceTree = "<group>"; };
		A5EF7A8B17577A1100598899 /* T163WeiboConnection.framework */ = {isa = PBXFileReference; lastKnownFileType = wrapper.framework; path = T163WeiboConnection.framework; sourceTree = "<group>"; };
		A5EF7A8C17577A1100598899 /* TencentWeiboConnection.framework */ = {isa = PBXFileReference; lastKnownFileType = wrapper.framework; path = TencentWeiboConnection.framework; sourceTree = "<group>"; };
		A5EF7A8D17577A1100598899 /* TwitterConnection.framework */ = {isa = PBXFileReference; lastKnownFileType = wrapper.framework; path = TwitterConnection.framework; sourceTree = "<group>"; };
		A5EF7A8E17577A1100598899 /* WeChatConnection.framework */ = {isa = PBXFileReference; lastKnownFileType = wrapper.framework; path = WeChatConnection.framework; sourceTree = "<group>"; };
		A5EF7A8F17577A1100598899 /* YouDaoNoteConnection.framework */ = {isa = PBXFileReference; lastKnownFileType = wrapper.framework; path = YouDaoNoteConnection.framework; sourceTree = "<group>"; };
		A5EF7A9117577A1100598899 /* AGCommon.framework */ = {isa = PBXFileReference; lastKnownFileType = wrapper.framework; path = AGCommon.framework; sourceTree = "<group>"; };
		A5EF7A9317577A1100598899 /* en */ = {isa = PBXFileReference; lastKnownFileType = text.plist.strings; name = en; path = en.lproj/ShareSDKLocalizable.strings; sourceTree = "<group>"; };
		A5EF7A9417577A1100598899 /* Resource.bundle */ = {isa = PBXFileReference; lastKnownFileType = "wrapper.plug-in"; path = Resource.bundle; sourceTree = "<group>"; };
		A5EF7A9517577A1100598899 /* ShareSDKCoreService.framework */ = {isa = PBXFileReference; lastKnownFileType = wrapper.framework; path = ShareSDKCoreService.framework; sourceTree = "<group>"; };
		A5EF7A9717577A1100598899 /* QQApi.framework */ = {isa = PBXFileReference; lastKnownFileType = wrapper.framework; path = QQApi.framework; sourceTree = "<group>"; };
		A5EF7A9917577A1100598899 /* libWeChatSDK_armv7_armv7s.a */ = {isa = PBXFileReference; lastKnownFileType = archive.ar; path = libWeChatSDK_armv7_armv7s.a; sourceTree = "<group>"; };
		A5EF7A9A17577A1100598899 /* WXApi.h */ = {isa = PBXFileReference; fileEncoding = 4; lastKnownFileType = sourcecode.c.h; path = WXApi.h; sourceTree = "<group>"; };
		A5EF7A9B17577A1100598899 /* WXApiObject.h */ = {isa = PBXFileReference; fileEncoding = 4; lastKnownFileType = sourcecode.c.h; path = WXApiObject.h; sourceTree = "<group>"; };
		A5EF7A9C17577A1100598899 /* ShareSDK.framework */ = {isa = PBXFileReference; lastKnownFileType = wrapper.framework; path = ShareSDK.framework; sourceTree = "<group>"; };
		A5EF7A9E17577A1100598899 /* ShareSDKiPadDefaultShareViewUI.bundle */ = {isa = PBXFileReference; lastKnownFileType = "wrapper.plug-in"; path = ShareSDKiPadDefaultShareViewUI.bundle; sourceTree = "<group>"; };
		A5EF7A9F17577A1100598899 /* ShareSDKiPadDefaultShareViewUI.framework */ = {isa = PBXFileReference; lastKnownFileType = wrapper.framework; path = ShareSDKiPadDefaultShareViewUI.framework; sourceTree = "<group>"; };
		A5EF7AA017577A1100598899 /* ShareSDKiPadSimpleShareViewUI.bundle */ = {isa = PBXFileReference; lastKnownFileType = "wrapper.plug-in"; path = ShareSDKiPadSimpleShareViewUI.bundle; sourceTree = "<group>"; };
		A5EF7AA117577A1100598899 /* ShareSDKiPadSimpleShareViewUI.framework */ = {isa = PBXFileReference; lastKnownFileType = wrapper.framework; path = ShareSDKiPadSimpleShareViewUI.framework; sourceTree = "<group>"; };
		A5EF7AA217577A1100598899 /* ShareSDKiPhoneAppRecommendShareViewUI.framework */ = {isa = PBXFileReference; lastKnownFileType = wrapper.framework; path = ShareSDKiPhoneAppRecommendShareViewUI.framework; sourceTree = "<group>"; };
		A5EF7AA317577A1100598899 /* ShareSDKiPhoneDefaultShareViewUI.bundle */ = {isa = PBXFileReference; lastKnownFileType = "wrapper.plug-in"; path = ShareSDKiPhoneDefaultShareViewUI.bundle; sourceTree = "<group>"; };
		A5EF7AA417577A1100598899 /* ShareSDKiPhoneDefaultShareViewUI.framework */ = {isa = PBXFileReference; lastKnownFileType = wrapper.framework; path = ShareSDKiPhoneDefaultShareViewUI.framework; sourceTree = "<group>"; };
		A5EF7AA517577A1100598899 /* ShareSDKiPhoneSimpleShareViewUI.bundle */ = {isa = PBXFileReference; lastKnownFileType = "wrapper.plug-in"; path = ShareSDKiPhoneSimpleShareViewUI.bundle; sourceTree = "<group>"; };
		A5EF7AA617577A1100598899 /* ShareSDKiPhoneSimpleShareViewUI.framework */ = {isa = PBXFileReference; lastKnownFileType = wrapper.framework; path = ShareSDKiPhoneSimpleShareViewUI.framework; sourceTree = "<group>"; };
		A5EF7ACA17577A9100598899 /* SystemConfiguration.framework */ = {isa = PBXFileReference; lastKnownFileType = wrapper.framework; name = SystemConfiguration.framework; path = System/Library/Frameworks/SystemConfiguration.framework; sourceTree = SDKROOT; };
		A5EF7ACC17577A9B00598899 /* QuartzCore.framework */ = {isa = PBXFileReference; lastKnownFileType = wrapper.framework; name = QuartzCore.framework; path = System/Library/Frameworks/QuartzCore.framework; sourceTree = SDKROOT; };
		A5EF7ACE17577AA700598899 /* libicucore.dylib */ = {isa = PBXFileReference; lastKnownFileType = "compiled.mach-o.dylib"; name = libicucore.dylib; path = usr/lib/libicucore.dylib; sourceTree = SDKROOT; };
		A5EF7AD017577ABA00598899 /* libz.1.2.5.dylib */ = {isa = PBXFileReference; lastKnownFileType = "compiled.mach-o.dylib"; name = libz.1.2.5.dylib; path = usr/lib/libz.1.2.5.dylib; sourceTree = SDKROOT; };
		A5EF7AD217577B5100598899 /* MessageUI.framework */ = {isa = PBXFileReference; lastKnownFileType = wrapper.framework; name = MessageUI.framework; path = System/Library/Frameworks/MessageUI.framework; sourceTree = SDKROOT; };
		A5EF7AD51757819600598899 /* DDAbstractDatabaseLogger.h */ = {isa = PBXFileReference; fileEncoding = 4; lastKnownFileType = sourcecode.c.h; path = DDAbstractDatabaseLogger.h; sourceTree = "<group>"; };
		A5EF7AD61757819600598899 /* DDAbstractDatabaseLogger.m */ = {isa = PBXFileReference; fileEncoding = 4; lastKnownFileType = sourcecode.c.objc; path = DDAbstractDatabaseLogger.m; sourceTree = "<group>"; };
		A5EF7AD71757819600598899 /* DDASLLogger.h */ = {isa = PBXFileReference; fileEncoding = 4; lastKnownFileType = sourcecode.c.h; path = DDASLLogger.h; sourceTree = "<group>"; };
		A5EF7AD81757819600598899 /* DDASLLogger.m */ = {isa = PBXFileReference; fileEncoding = 4; lastKnownFileType = sourcecode.c.objc; path = DDASLLogger.m; sourceTree = "<group>"; };
		A5EF7AD91757819600598899 /* DDFileLogger.h */ = {isa = PBXFileReference; fileEncoding = 4; lastKnownFileType = sourcecode.c.h; path = DDFileLogger.h; sourceTree = "<group>"; };
		A5EF7ADA1757819600598899 /* DDFileLogger.m */ = {isa = PBXFileReference; fileEncoding = 4; lastKnownFileType = sourcecode.c.objc; path = DDFileLogger.m; sourceTree = "<group>"; };
		A5EF7ADB1757819600598899 /* DDLog.h */ = {isa = PBXFileReference; fileEncoding = 4; lastKnownFileType = sourcecode.c.h; path = DDLog.h; sourceTree = "<group>"; };
		A5EF7ADC1757819600598899 /* DDLog.m */ = {isa = PBXFileReference; fileEncoding = 4; lastKnownFileType = sourcecode.c.objc; path = DDLog.m; sourceTree = "<group>"; };
		A5EF7ADD1757819600598899 /* DDTTYLogger.h */ = {isa = PBXFileReference; fileEncoding = 4; lastKnownFileType = sourcecode.c.h; path = DDTTYLogger.h; sourceTree = "<group>"; };
		A5EF7ADE1757819600598899 /* DDTTYLogger.m */ = {isa = PBXFileReference; fileEncoding = 4; lastKnownFileType = sourcecode.c.objc; path = DDTTYLogger.m; sourceTree = "<group>"; };
		A5EF7AE01757819600598899 /* ContextFilterLogFormatter.h */ = {isa = PBXFileReference; fileEncoding = 4; lastKnownFileType = sourcecode.c.h; path = ContextFilterLogFormatter.h; sourceTree = "<group>"; };
		A5EF7AE11757819600598899 /* ContextFilterLogFormatter.m */ = {isa = PBXFileReference; fileEncoding = 4; lastKnownFileType = sourcecode.c.objc; path = ContextFilterLogFormatter.m; sourceTree = "<group>"; };
		A5EF7AE21757819600598899 /* DispatchQueueLogFormatter.h */ = {isa = PBXFileReference; fileEncoding = 4; lastKnownFileType = sourcecode.c.h; path = DispatchQueueLogFormatter.h; sourceTree = "<group>"; };
		A5EF7AE31757819600598899 /* DispatchQueueLogFormatter.m */ = {isa = PBXFileReference; fileEncoding = 4; lastKnownFileType = sourcecode.c.objc; path = DispatchQueueLogFormatter.m; sourceTree = "<group>"; };
		A5EF7AE41757819600598899 /* README.txt */ = {isa = PBXFileReference; fileEncoding = 4; lastKnownFileType = text; path = README.txt; sourceTree = "<group>"; };
		A5EF7AE51757819600598899 /* MyCustomLogFormatter.h */ = {isa = PBXFileReference; fileEncoding = 4; lastKnownFileType = sourcecode.c.h; path = MyCustomLogFormatter.h; sourceTree = "<group>"; };
		A5EF7AE61757819600598899 /* MyCustomLogFormatter.m */ = {isa = PBXFileReference; fileEncoding = 4; lastKnownFileType = sourcecode.c.objc; path = MyCustomLogFormatter.m; sourceTree = "<group>"; };
/* End PBXFileReference section */

/* Begin PBXFrameworksBuildPhase section */
		A5B2CCEF17564CFD007BE78F /* Frameworks */ = {
			isa = PBXFrameworksBuildPhase;
			buildActionMask = 2147483647;
			files = (
				A5EF7AD317577B5100598899 /* MessageUI.framework in Frameworks */,
				A5EF7AD117577ABA00598899 /* libz.1.2.5.dylib in Frameworks */,
				A5EF7ACF17577AA700598899 /* libicucore.dylib in Frameworks */,
				A5EF7ACD17577A9B00598899 /* QuartzCore.framework in Frameworks */,
				A5EF7ACB17577A9100598899 /* SystemConfiguration.framework in Frameworks */,
				A5B2CCF617564CFD007BE78F /* UIKit.framework in Frameworks */,
				A5B2CCF817564CFD007BE78F /* Foundation.framework in Frameworks */,
				A5B2CCFA17564CFD007BE78F /* CoreGraphics.framework in Frameworks */,
				5ACB5ECB93624351988853D8 /* libPods.a in Frameworks */,
				A5EF7AA717577A1100598899 /* DouBanConnection.framework in Frameworks */,
				A5EF7AA817577A1100598899 /* FacebookConnection.framework in Frameworks */,
				A5EF7AA917577A1100598899 /* InstapaperConnection.framework in Frameworks */,
				A5EF7AAB17577A1100598899 /* KaiXinConnection.framework in Frameworks */,
				A5EF7AAC17577A1100598899 /* MailConnection.framework in Frameworks */,
				A5EF7AAD17577A1100598899 /* PrintConnection.framework in Frameworks */,
				A5EF7AAE17577A1100598899 /* QQConnection.framework in Frameworks */,
				A5EF7AAF17577A1100598899 /* QZoneConnection.framework in Frameworks */,
				A5EF7AB017577A1100598899 /* RenRenConnection.framework in Frameworks */,
				A5EF7AB117577A1100598899 /* SinaWeiboConnection.framework in Frameworks */,
				A5EF7AB217577A1100598899 /* SMSConnection.framework in Frameworks */,
				A5EF7AB317577A1100598899 /* SohuConnection.framework in Frameworks */,
				A5EF7AB417577A1100598899 /* SohuWeiboConnection.framework in Frameworks */,
				A5EF7AB517577A1100598899 /* T163WeiboConnection.framework in Frameworks */,
				A5EF7AB617577A1100598899 /* TencentWeiboConnection.framework in Frameworks */,
				A5EF7AB717577A1100598899 /* TwitterConnection.framework in Frameworks */,
				A5EF7AB817577A1100598899 /* WeChatConnection.framework in Frameworks */,
				A5EF7AB917577A1100598899 /* YouDaoNoteConnection.framework in Frameworks */,
				A5EF7ABA17577A1100598899 /* AGCommon.framework in Frameworks */,
				A5EF7ABD17577A1100598899 /* ShareSDKCoreService.framework in Frameworks */,
				A5EF7ABE17577A1100598899 /* QQApi.framework in Frameworks */,
				A5EF7ABF17577A1100598899 /* libWeChatSDK_armv7_armv7s.a in Frameworks */,
				A5EF7AC017577A1100598899 /* ShareSDK.framework in Frameworks */,
				A5EF7AC217577A1100598899 /* ShareSDKiPadDefaultShareViewUI.framework in Frameworks */,
				A5EF7AC417577A1100598899 /* ShareSDKiPadSimpleShareViewUI.framework in Frameworks */,
				A5EF7AC517577A1100598899 /* ShareSDKiPhoneAppRecommendShareViewUI.framework in Frameworks */,
				A5EF7AC717577A1100598899 /* ShareSDKiPhoneDefaultShareViewUI.framework in Frameworks */,
				A5EF7AC917577A1100598899 /* ShareSDKiPhoneSimpleShareViewUI.framework in Frameworks */,
			);
			runOnlyForDeploymentPostprocessing = 0;
		};
		A5B2CD1417564CFD007BE78F /* Frameworks */ = {
			isa = PBXFrameworksBuildPhase;
			buildActionMask = 2147483647;
			files = (
				A5B2CD1A17564CFD007BE78F /* SenTestingKit.framework in Frameworks */,
				A5B2CD1B17564CFD007BE78F /* UIKit.framework in Frameworks */,
				A5B2CD1C17564CFD007BE78F /* Foundation.framework in Frameworks */,
			);
			runOnlyForDeploymentPostprocessing = 0;
		};
/* End PBXFrameworksBuildPhase section */

/* Begin PBXGroup section */
		A52BC2401759FE1E0044E26C /* DataObject */ = {
			isa = PBXGroup;
			children = (
				A52BC2411759FE7F0044E26C /* UserInfo.h */,
				A52BC2421759FE7F0044E26C /* UserInfo.m */,
				A55153A4175B23B600E72930 /* SuperClass.xcdatamodeld */,
				A55153A7175B24F700E72930 /* UserInfo_coredata.h */,
				A55153A8175B24F700E72930 /* UserInfo_coredata.m */,
			);
			name = DataObject;
			sourceTree = "<group>";
		};
		A5B2CCE917564CFD007BE78F = {
			isa = PBXGroup;
			children = (
				A5EF7A7A17577A1000598899 /* vender */,
				A5B2CCFB17564CFD007BE78F /* SuperClass */,
				A5B2CD1F17564CFD007BE78F /* SuperClassTests */,
				A5B2CCF417564CFD007BE78F /* Frameworks */,
				A5B2CCF317564CFD007BE78F /* Products */,
				2881E3BD3ECF46B0B898D021 /* Pods.xcconfig */,
			);
			sourceTree = "<group>";
		};
		A5B2CCF317564CFD007BE78F /* Products */ = {
			isa = PBXGroup;
			children = (
				A5B2CCF217564CFD007BE78F /* SuperClass.app */,
				A5B2CD1817564CFD007BE78F /* SuperClassTests.octest */,
			);
			name = Products;
			sourceTree = "<group>";
		};
		A5B2CCF417564CFD007BE78F /* Frameworks */ = {
			isa = PBXGroup;
			children = (
				A5EF7AD217577B5100598899 /* MessageUI.framework */,
				A5EF7AD017577ABA00598899 /* libz.1.2.5.dylib */,
				A5EF7ACE17577AA700598899 /* libicucore.dylib */,
				A5EF7ACC17577A9B00598899 /* QuartzCore.framework */,
				A5EF7ACA17577A9100598899 /* SystemConfiguration.framework */,
				A5B2CCF517564CFD007BE78F /* UIKit.framework */,
				A5B2CCF717564CFD007BE78F /* Foundation.framework */,
				A5B2CCF917564CFD007BE78F /* CoreGraphics.framework */,
				A5B2CD1917564CFD007BE78F /* SenTestingKit.framework */,
				78539FF2464A43E5A9911024 /* libPods.a */,
			);
			name = Frameworks;
			sourceTree = "<group>";
		};
		A5B2CCFB17564CFD007BE78F /* SuperClass */ = {
			isa = PBXGroup;
			children = (
				A52BC2401759FE1E0044E26C /* DataObject */,
				A5B2CD0417564CFD007BE78F /* AppDelegate.h */,
				A5E9C7A5176A01BA0069A689 /* AppDelegate.m */,
				A5B2CD0D17564CFD007BE78F /* ViewController.h */,
				A5E9C7A6176A01BA0069A689 /* ViewController.m */,
				A50E6E5A176581CE0081F637 /* SupperClassNetworkAPI.h */,
				A50E6E5B176581CF0081F637 /* SupperClassNetworkAPI.m */,
				A5B2CD1017564CFD007BE78F /* ViewController.xib */,
				A5B2CCFC17564CFD007BE78F /* Supporting Files */,
			);
			path = SuperClass;
			sourceTree = "<group>";
		};
		A5B2CCFC17564CFD007BE78F /* Supporting Files */ = {
			isa = PBXGroup;
			children = (
				A5B2CCFD17564CFD007BE78F /* SuperClass-Info.plist */,
				A5B2CCFE17564CFD007BE78F /* InfoPlist.strings */,
				A5B2CD0117564CFD007BE78F /* main.m */,
				A5B2CD0317564CFD007BE78F /* SuperClass-Prefix.pch */,
				A5B2CD0717564CFD007BE78F /* Default.png */,
				A5B2CD0917564CFD007BE78F /* Default@2x.png */,
				A5B2CD0B17564CFD007BE78F /* Default-568h@2x.png */,
			);
			name = "Supporting Files";
			sourceTree = "<group>";
		};
		A5B2CD1F17564CFD007BE78F /* SuperClassTests */ = {
			isa = PBXGroup;
			children = (
				A5B2CD2517564CFD007BE78F /* SuperClassTests.h */,
				A5B2CD2617564CFD007BE78F /* SuperClassTests.m */,
				A5B2CD2017564CFD007BE78F /* Supporting Files */,
			);
			path = SuperClassTests;
			sourceTree = "<group>";
		};
		A5B2CD2017564CFD007BE78F /* Supporting Files */ = {
			isa = PBXGroup;
			children = (
				A5B2CD2117564CFD007BE78F /* SuperClassTests-Info.plist */,
				A5B2CD2217564CFD007BE78F /* InfoPlist.strings */,
			);
			name = "Supporting Files";
			sourceTree = "<group>";
		};
		A5EF7A7A17577A1000598899 /* vender */ = {
			isa = PBXGroup;
			children = (
				A5EF7AD41757819600598899 /* Lumberjack */,
				A5EF7A7B17577A1000598899 /* ShareSDK_v2.1.1 */,
			);
			path = vender;
			sourceTree = "<group>";
		};
		A5EF7A7B17577A1000598899 /* ShareSDK_v2.1.1 */ = {
			isa = PBXGroup;
			children = (
				A5EF7A7C17577A1000598899 /* Connection */,
				A5EF7A9017577A1100598899 /* Core */,
				A5EF7A9617577A1100598899 /* Extend */,
				A5EF7A9C17577A1100598899 /* ShareSDK.framework */,
				A5EF7A9D17577A1100598899 /* UI */,
			);
			path = ShareSDK_v2.1.1;
			sourceTree = "<group>";
		};
		A5EF7A7C17577A1000598899 /* Connection */ = {
			isa = PBXGroup;
			children = (
				A5EF7A7D17577A1000598899 /* DouBanConnection.framework */,
				A5EF7A7E17577A1100598899 /* FacebookConnection.framework */,
				A5EF7A7F17577A1100598899 /* InstapaperConnection.framework */,
				A5EF7A8017577A1100598899 /* InstapaperResource.bundle */,
				A5EF7A8117577A1100598899 /* KaiXinConnection.framework */,
				A5EF7A8217577A1100598899 /* MailConnection.framework */,
				A5EF7A8317577A1100598899 /* PrintConnection.framework */,
				A5EF7A8417577A1100598899 /* QQConnection.framework */,
				A5EF7A8517577A1100598899 /* QZoneConnection.framework */,
				A5EF7A8617577A1100598899 /* RenRenConnection.framework */,
				A5EF7A8717577A1100598899 /* SinaWeiboConnection.framework */,
				A5EF7A8817577A1100598899 /* SMSConnection.framework */,
				A5EF7A8917577A1100598899 /* SohuConnection.framework */,
				A5EF7A8A17577A1100598899 /* SohuWeiboConnection.framework */,
				A5EF7A8B17577A1100598899 /* T163WeiboConnection.framework */,
				A5EF7A8C17577A1100598899 /* TencentWeiboConnection.framework */,
				A5EF7A8D17577A1100598899 /* TwitterConnection.framework */,
				A5EF7A8E17577A1100598899 /* WeChatConnection.framework */,
				A5EF7A8F17577A1100598899 /* YouDaoNoteConnection.framework */,
			);
			path = Connection;
			sourceTree = "<group>";
		};
		A5EF7A9017577A1100598899 /* Core */ = {
			isa = PBXGroup;
			children = (
				A5EF7A9117577A1100598899 /* AGCommon.framework */,
				A5EF7A9217577A1100598899 /* ShareSDKLocalizable.strings */,
				A5EF7A9417577A1100598899 /* Resource.bundle */,
				A5EF7A9517577A1100598899 /* ShareSDKCoreService.framework */,
			);
			path = Core;
			sourceTree = "<group>";
		};
		A5EF7A9617577A1100598899 /* Extend */ = {
			isa = PBXGroup;
			children = (
				A5EF7A9717577A1100598899 /* QQApi.framework */,
				A5EF7A9817577A1100598899 /* SDKExport */,
			);
			path = Extend;
			sourceTree = "<group>";
		};
		A5EF7A9817577A1100598899 /* SDKExport */ = {
			isa = PBXGroup;
			children = (
				A5EF7A9917577A1100598899 /* libWeChatSDK_armv7_armv7s.a */,
				A5EF7A9A17577A1100598899 /* WXApi.h */,
				A5EF7A9B17577A1100598899 /* WXApiObject.h */,
			);
			path = SDKExport;
			sourceTree = "<group>";
		};
		A5EF7A9D17577A1100598899 /* UI */ = {
			isa = PBXGroup;
			children = (
				A5EF7A9E17577A1100598899 /* ShareSDKiPadDefaultShareViewUI.bundle */,
				A5EF7A9F17577A1100598899 /* ShareSDKiPadDefaultShareViewUI.framework */,
				A5EF7AA017577A1100598899 /* ShareSDKiPadSimpleShareViewUI.bundle */,
				A5EF7AA117577A1100598899 /* ShareSDKiPadSimpleShareViewUI.framework */,
				A5EF7AA217577A1100598899 /* ShareSDKiPhoneAppRecommendShareViewUI.framework */,
				A5EF7AA317577A1100598899 /* ShareSDKiPhoneDefaultShareViewUI.bundle */,
				A5EF7AA417577A1100598899 /* ShareSDKiPhoneDefaultShareViewUI.framework */,
				A5EF7AA517577A1100598899 /* ShareSDKiPhoneSimpleShareViewUI.bundle */,
				A5EF7AA617577A1100598899 /* ShareSDKiPhoneSimpleShareViewUI.framework */,
			);
			path = UI;
			sourceTree = "<group>";
		};
		A5EF7AD41757819600598899 /* Lumberjack */ = {
			isa = PBXGroup;
			children = (
				A5EF7AD51757819600598899 /* DDAbstractDatabaseLogger.h */,
				A5EF7AD61757819600598899 /* DDAbstractDatabaseLogger.m */,
				A5EF7AD71757819600598899 /* DDASLLogger.h */,
				A5EF7AD81757819600598899 /* DDASLLogger.m */,
				A5EF7AD91757819600598899 /* DDFileLogger.h */,
				A5EF7ADA1757819600598899 /* DDFileLogger.m */,
				A5EF7ADB1757819600598899 /* DDLog.h */,
				A5EF7ADC1757819600598899 /* DDLog.m */,
				A5EF7ADD1757819600598899 /* DDTTYLogger.h */,
				A5EF7ADE1757819600598899 /* DDTTYLogger.m */,
				A5EF7ADF1757819600598899 /* Extensions */,
				A5EF7AE51757819600598899 /* MyCustomLogFormatter.h */,
				A5EF7AE61757819600598899 /* MyCustomLogFormatter.m */,
			);
			path = Lumberjack;
			sourceTree = "<group>";
		};
		A5EF7ADF1757819600598899 /* Extensions */ = {
			isa = PBXGroup;
			children = (
				A5EF7AE01757819600598899 /* ContextFilterLogFormatter.h */,
				A5EF7AE11757819600598899 /* ContextFilterLogFormatter.m */,
				A5EF7AE21757819600598899 /* DispatchQueueLogFormatter.h */,
				A5EF7AE31757819600598899 /* DispatchQueueLogFormatter.m */,
				A5EF7AE41757819600598899 /* README.txt */,
			);
			path = Extensions;
			sourceTree = "<group>";
		};
/* End PBXGroup section */

/* Begin PBXNativeTarget section */
		A5B2CCF117564CFD007BE78F /* SuperClass */ = {
			isa = PBXNativeTarget;
			buildConfigurationList = A5B2CD2A17564CFD007BE78F /* Build configuration list for PBXNativeTarget "SuperClass" */;
			buildPhases = (
				F213850777BD4C00B442AE8F /* Check Pods Manifest.lock */,
				A5B2CCEE17564CFD007BE78F /* Sources */,
				A5B2CCEF17564CFD007BE78F /* Frameworks */,
				A5B2CCF017564CFD007BE78F /* Resources */,
				7A0FBB5EB8DD44F2A7343A0E /* Copy Pods Resources */,
			);
			buildRules = (
			);
			dependencies = (
			);
			name = SuperClass;
			productName = SuperClass;
			productReference = A5B2CCF217564CFD007BE78F /* SuperClass.app */;
			productType = "com.apple.product-type.application";
		};
		A5B2CD1717564CFD007BE78F /* SuperClassTests */ = {
			isa = PBXNativeTarget;
			buildConfigurationList = A5B2CD2D17564CFD007BE78F /* Build configuration list for PBXNativeTarget "SuperClassTests" */;
			buildPhases = (
				A5B2CD1317564CFD007BE78F /* Sources */,
				A5B2CD1417564CFD007BE78F /* Frameworks */,
				A5B2CD1517564CFD007BE78F /* Resources */,
				A5B2CD1617564CFD007BE78F /* ShellScript */,
			);
			buildRules = (
			);
			dependencies = (
				A5B2CD1E17564CFD007BE78F /* PBXTargetDependency */,
			);
			name = SuperClassTests;
			productName = SuperClassTests;
			productReference = A5B2CD1817564CFD007BE78F /* SuperClassTests.octest */;
			productType = "com.apple.product-type.bundle";
		};
/* End PBXNativeTarget section */

/* Begin PBXProject section */
		A5B2CCEA17564CFD007BE78F /* Project object */ = {
			isa = PBXProject;
			attributes = {
				LastUpgradeCheck = 0460;
			};
			buildConfigurationList = A5B2CCED17564CFD007BE78F /* Build configuration list for PBXProject "SuperClass" */;
			compatibilityVersion = "Xcode 3.2";
			developmentRegion = English;
			hasScannedForEncodings = 0;
			knownRegions = (
				en,
			);
			mainGroup = A5B2CCE917564CFD007BE78F;
			productRefGroup = A5B2CCF317564CFD007BE78F /* Products */;
			projectDirPath = "";
			projectRoot = "";
			targets = (
				A5B2CCF117564CFD007BE78F /* SuperClass */,
				A5B2CD1717564CFD007BE78F /* SuperClassTests */,
			);
		};
/* End PBXProject section */

/* Begin PBXResourcesBuildPhase section */
		A5B2CCF017564CFD007BE78F /* Resources */ = {
			isa = PBXResourcesBuildPhase;
			buildActionMask = 2147483647;
			files = (
				A5B2CD0017564CFD007BE78F /* InfoPlist.strings in Resources */,
				A5B2CD0817564CFD007BE78F /* Default.png in Resources */,
				A5B2CD0A17564CFD007BE78F /* Default@2x.png in Resources */,
				A5B2CD0C17564CFD007BE78F /* Default-568h@2x.png in Resources */,
				A5B2CD1217564CFD007BE78F /* ViewController.xib in Resources */,
				A5EF7AAA17577A1100598899 /* InstapaperResource.bundle in Resources */,
				A5EF7ABB17577A1100598899 /* ShareSDKLocalizable.strings in Resources */,
				A5EF7ABC17577A1100598899 /* Resource.bundle in Resources */,
				A5EF7AC117577A1100598899 /* ShareSDKiPadDefaultShareViewUI.bundle in Resources */,
				A5EF7AC317577A1100598899 /* ShareSDKiPadSimpleShareViewUI.bundle in Resources */,
				A5EF7AC617577A1100598899 /* ShareSDKiPhoneDefaultShareViewUI.bundle in Resources */,
				A5EF7AC817577A1100598899 /* ShareSDKiPhoneSimpleShareViewUI.bundle in Resources */,
				A5EF7AEE1757819600598899 /* README.txt in Resources */,
			);
			runOnlyForDeploymentPostprocessing = 0;
		};
		A5B2CD1517564CFD007BE78F /* Resources */ = {
			isa = PBXResourcesBuildPhase;
			buildActionMask = 2147483647;
			files = (
				A5B2CD2417564CFD007BE78F /* InfoPlist.strings in Resources */,
			);
			runOnlyForDeploymentPostprocessing = 0;
		};
/* End PBXResourcesBuildPhase section */

/* Begin PBXShellScriptBuildPhase section */
		7A0FBB5EB8DD44F2A7343A0E /* Copy Pods Resources */ = {
			isa = PBXShellScriptBuildPhase;
			buildActionMask = 2147483647;
			files = (
			);
			inputPaths = (
			);
			name = "Copy Pods Resources";
			outputPaths = (
			);
			runOnlyForDeploymentPostprocessing = 0;
			shellPath = /bin/sh;
			shellScript = "\"${SRCROOT}/Pods/Pods-resources.sh\"\n";
		};
		A5B2CD1617564CFD007BE78F /* ShellScript */ = {
			isa = PBXShellScriptBuildPhase;
			buildActionMask = 2147483647;
			files = (
			);
			inputPaths = (
			);
			outputPaths = (
			);
			runOnlyForDeploymentPostprocessing = 0;
			shellPath = /bin/sh;
			shellScript = "# Run the unit tests in this test bundle.\n\"${SYSTEM_DEVELOPER_DIR}/Tools/RunUnitTests\"\n";
		};
		F213850777BD4C00B442AE8F /* Check Pods Manifest.lock */ = {
			isa = PBXShellScriptBuildPhase;
			buildActionMask = 2147483647;
			files = (
			);
			inputPaths = (
			);
			name = "Check Pods Manifest.lock";
			outputPaths = (
			);
			runOnlyForDeploymentPostprocessing = 0;
			shellPath = /bin/sh;
			shellScript = "diff \"${PODS_ROOT}/../Podfile.lock\" \"${PODS_ROOT}/Manifest.lock\" > /dev/null\nif [[ $? != 0 ]] ; then\n    cat << EOM\nerror: The sandbox is not in sync with the Podfile.lock. Run 'pod install' or update your CocoaPods installation.\nEOM\n    exit 1\nfi\n";
		};
/* End PBXShellScriptBuildPhase section */

/* Begin PBXSourcesBuildPhase section */
		A5B2CCEE17564CFD007BE78F /* Sources */ = {
			isa = PBXSourcesBuildPhase;
			buildActionMask = 2147483647;
			files = (
				A5B2CD0217564CFD007BE78F /* main.m in Sources */,
				A5EF7AE71757819600598899 /* DDAbstractDatabaseLogger.m in Sources */,
				A5EF7AE81757819600598899 /* DDASLLogger.m in Sources */,
				A5EF7AE91757819600598899 /* DDFileLogger.m in Sources */,
				A5EF7AEA1757819600598899 /* DDLog.m in Sources */,
				A5EF7AEB1757819600598899 /* DDTTYLogger.m in Sources */,
				A5EF7AEC1757819600598899 /* ContextFilterLogFormatter.m in Sources */,
				A5EF7AED1757819600598899 /* DispatchQueueLogFormatter.m in Sources */,
				A5EF7AEF1757819600598899 /* MyCustomLogFormatter.m in Sources */,
				A52BC2431759FE7F0044E26C /* UserInfo.m in Sources */,
				A55153A6175B23B600E72930 /* SuperClass.xcdatamodeld in Sources */,
				A55153A9175B24F700E72930 /* UserInfo_coredata.m in Sources */,
				A50E6E5C176581CF0081F637 /* SupperClassNetworkAPI.m in Sources */,
				A5E9C7A7176A01BA0069A689 /* AppDelegate.m in Sources */,
				A5E9C7A8176A01BA0069A689 /* ViewController.m in Sources */,
			);
			runOnlyForDeploymentPostprocessing = 0;
		};
		A5B2CD1317564CFD007BE78F /* Sources */ = {
			isa = PBXSourcesBuildPhase;
			buildActionMask = 2147483647;
			files = (
				A5B2CD2717564CFD007BE78F /* SuperClassTests.m in Sources */,
			);
			runOnlyForDeploymentPostprocessing = 0;
		};
/* End PBXSourcesBuildPhase section */

/* Begin PBXTargetDependency section */
		A5B2CD1E17564CFD007BE78F /* PBXTargetDependency */ = {
			isa = PBXTargetDependency;
			target = A5B2CCF117564CFD007BE78F /* SuperClass */;
			targetProxy = A5B2CD1D17564CFD007BE78F /* PBXContainerItemProxy */;
		};
/* End PBXTargetDependency section */

/* Begin PBXVariantGroup section */
		A5B2CCFE17564CFD007BE78F /* InfoPlist.strings */ = {
			isa = PBXVariantGroup;
			children = (
				A5B2CCFF17564CFD007BE78F /* en */,
			);
			name = InfoPlist.strings;
			sourceTree = "<group>";
		};
		A5B2CD1017564CFD007BE78F /* ViewController.xib */ = {
			isa = PBXVariantGroup;
			children = (
				A5B2CD1117564CFD007BE78F /* en */,
			);
			name = ViewController.xib;
			sourceTree = "<group>";
		};
		A5B2CD2217564CFD007BE78F /* InfoPlist.strings */ = {
			isa = PBXVariantGroup;
			children = (
				A5B2CD2317564CFD007BE78F /* en */,
			);
			name = InfoPlist.strings;
			sourceTree = "<group>";
		};
		A5EF7A9217577A1100598899 /* ShareSDKLocalizable.strings */ = {
			isa = PBXVariantGroup;
			children = (
				A5EF7A9317577A1100598899 /* en */,
			);
			name = ShareSDKLocalizable.strings;
			sourceTree = "<group>";
		};
/* End PBXVariantGroup section */

/* Begin XCBuildConfiguration section */
		A5B2CD2817564CFD007BE78F /* Debug */ = {
			isa = XCBuildConfiguration;
			buildSettings = {
				ALWAYS_SEARCH_USER_PATHS = NO;
				CLANG_CXX_LANGUAGE_STANDARD = "gnu++0x";
				CLANG_CXX_LIBRARY = "libc++";
				CLANG_ENABLE_OBJC_ARC = YES;
				CLANG_WARN_CONSTANT_CONVERSION = YES;
				CLANG_WARN_EMPTY_BODY = YES;
				CLANG_WARN_ENUM_CONVERSION = YES;
				CLANG_WARN_INT_CONVERSION = YES;
				CLANG_WARN__DUPLICATE_METHOD_MATCH = YES;
				"CODE_SIGN_IDENTITY[sdk=iphoneos*]" = "iPhone Developer";
				COPY_PHASE_STRIP = NO;
				GCC_C_LANGUAGE_STANDARD = gnu99;
				GCC_DYNAMIC_NO_PIC = NO;
				GCC_OPTIMIZATION_LEVEL = 0;
				GCC_PREPROCESSOR_DEFINITIONS = (
					"DEBUG=1",
					"$(inherited)",
				);
				GCC_SYMBOLS_PRIVATE_EXTERN = NO;
				GCC_WARN_ABOUT_RETURN_TYPE = YES;
				GCC_WARN_UNINITIALIZED_AUTOS = YES;
				GCC_WARN_UNUSED_VARIABLE = YES;
				IPHONEOS_DEPLOYMENT_TARGET = 6.1;
				ONLY_ACTIVE_ARCH = YES;
				SDKROOT = iphoneos;
			};
			name = Debug;
		};
		A5B2CD2917564CFD007BE78F /* Release */ = {
			isa = XCBuildConfiguration;
			buildSettings = {
				ALWAYS_SEARCH_USER_PATHS = NO;
				CLANG_CXX_LANGUAGE_STANDARD = "gnu++0x";
				CLANG_CXX_LIBRARY = "libc++";
				CLANG_ENABLE_OBJC_ARC = YES;
				CLANG_WARN_CONSTANT_CONVERSION = YES;
				CLANG_WARN_EMPTY_BODY = YES;
				CLANG_WARN_ENUM_CONVERSION = YES;
				CLANG_WARN_INT_CONVERSION = YES;
				CLANG_WARN__DUPLICATE_METHOD_MATCH = YES;
				"CODE_SIGN_IDENTITY[sdk=iphoneos*]" = "iPhone Developer";
				COPY_PHASE_STRIP = YES;
				GCC_C_LANGUAGE_STANDARD = gnu99;
				GCC_WARN_ABOUT_RETURN_TYPE = YES;
				GCC_WARN_UNINITIALIZED_AUTOS = YES;
				GCC_WARN_UNUSED_VARIABLE = YES;
				IPHONEOS_DEPLOYMENT_TARGET = 6.1;
				OTHER_CFLAGS = "-DNS_BLOCK_ASSERTIONS=1";
				SDKROOT = iphoneos;
				VALIDATE_PRODUCT = YES;
			};
			name = Release;
		};
		A5B2CD2B17564CFD007BE78F /* Debug */ = {
			isa = XCBuildConfiguration;
			baseConfigurationReference = 2881E3BD3ECF46B0B898D021 /* Pods.xcconfig */;
			buildSettings = {
				FRAMEWORK_SEARCH_PATHS = (
					"$(inherited)",
					"\"$(SRCROOT)/vender/ShareSDK_v2.1.1/Connection\"",
					"\"$(SRCROOT)/vender/ShareSDK_v2.1.1/Core\"",
					"\"$(SRCROOT)/vender/ShareSDK_v2.1.1/Extend\"",
					"\"$(SRCROOT)/vender/ShareSDK_v2.1.1\"",
					"\"$(SRCROOT)/vender/ShareSDK_v2.1.1/UI\"",
				);
				GCC_PRECOMPILE_PREFIX_HEADER = YES;
				GCC_PREFIX_HEADER = "SuperClass/SuperClass-Prefix.pch";
				INFOPLIST_FILE = "SuperClass/SuperClass-Info.plist";
				LIBRARY_SEARCH_PATHS = (
					"$(inherited)",
					"\"$(SRCROOT)/vender/ShareSDK_v2.1.1/Extend/SDKExport\"",
				);
				PRODUCT_NAME = "$(TARGET_NAME)";
				WRAPPER_EXTENSION = app;
			};
			name = Debug;
		};
		A5B2CD2C17564CFD007BE78F /* Release */ = {
			isa = XCBuildConfiguration;
			baseConfigurationReference = 2881E3BD3ECF46B0B898D021 /* Pods.xcconfig */;
			buildSettings = {
				FRAMEWORK_SEARCH_PATHS = (
					"$(inherited)",
					"\"$(SRCROOT)/vender/ShareSDK_v2.1.1/Connection\"",
					"\"$(SRCROOT)/vender/ShareSDK_v2.1.1/Core\"",
					"\"$(SRCROOT)/vender/ShareSDK_v2.1.1/Extend\"",
					"\"$(SRCROOT)/vender/ShareSDK_v2.1.1\"",
					"\"$(SRCROOT)/vender/ShareSDK_v2.1.1/UI\"",
				);
				GCC_PRECOMPILE_PREFIX_HEADER = YES;
				GCC_PREFIX_HEADER = "SuperClass/SuperClass-Prefix.pch";
				INFOPLIST_FILE = "SuperClass/SuperClass-Info.plist";
				LIBRARY_SEARCH_PATHS = (
					"$(inherited)",
					"\"$(SRCROOT)/vender/ShareSDK_v2.1.1/Extend/SDKExport\"",
				);
				PRODUCT_NAME = "$(TARGET_NAME)";
				WRAPPER_EXTENSION = app;
			};
			name = Release;
		};
		A5B2CD2E17564CFD007BE78F /* Debug */ = {
			isa = XCBuildConfiguration;
			buildSettings = {
				BUNDLE_LOADER = "$(BUILT_PRODUCTS_DIR)/SuperClass.app/SuperClass";
				FRAMEWORK_SEARCH_PATHS = (
					"\"$(SDKROOT)/Developer/Library/Frameworks\"",
					"\"$(DEVELOPER_LIBRARY_DIR)/Frameworks\"",
				);
				GCC_PRECOMPILE_PREFIX_HEADER = YES;
				GCC_PREFIX_HEADER = "SuperClass/SuperClass-Prefix.pch";
				INFOPLIST_FILE = "SuperClassTests/SuperClassTests-Info.plist";
				PRODUCT_NAME = "$(TARGET_NAME)";
				TEST_HOST = "$(BUNDLE_LOADER)";
				WRAPPER_EXTENSION = octest;
			};
			name = Debug;
		};
		A5B2CD2F17564CFD007BE78F /* Release */ = {
			isa = XCBuildConfiguration;
			buildSettings = {
				BUNDLE_LOADER = "$(BUILT_PRODUCTS_DIR)/SuperClass.app/SuperClass";
				FRAMEWORK_SEARCH_PATHS = (
					"\"$(SDKROOT)/Developer/Library/Frameworks\"",
					"\"$(DEVELOPER_LIBRARY_DIR)/Frameworks\"",
				);
				GCC_PRECOMPILE_PREFIX_HEADER = YES;
				GCC_PREFIX_HEADER = "SuperClass/SuperClass-Prefix.pch";
				INFOPLIST_FILE = "SuperClassTests/SuperClassTests-Info.plist";
				PRODUCT_NAME = "$(TARGET_NAME)";
				TEST_HOST = "$(BUNDLE_LOADER)";
				WRAPPER_EXTENSION = octest;
			};
			name = Release;
		};
/* End XCBuildConfiguration section */

/* Begin XCConfigurationList section */
		A5B2CCED17564CFD007BE78F /* Build configuration list for PBXProject "SuperClass" */ = {
			isa = XCConfigurationList;
			buildConfigurations = (
				A5B2CD2817564CFD007BE78F /* Debug */,
				A5B2CD2917564CFD007BE78F /* Release */,
			);
			defaultConfigurationIsVisible = 0;
			defaultConfigurationName = Release;
		};
		A5B2CD2A17564CFD007BE78F /* Build configuration list for PBXNativeTarget "SuperClass" */ = {
			isa = XCConfigurationList;
			buildConfigurations = (
				A5B2CD2B17564CFD007BE78F /* Debug */,
				A5B2CD2C17564CFD007BE78F /* Release */,
			);
			defaultConfigurationIsVisible = 0;
			defaultConfigurationName = Release;
		};
		A5B2CD2D17564CFD007BE78F /* Build configuration list for PBXNativeTarget "SuperClassTests" */ = {
			isa = XCConfigurationList;
			buildConfigurations = (
				A5B2CD2E17564CFD007BE78F /* Debug */,
				A5B2CD2F17564CFD007BE78F /* Release */,
			);
			defaultConfigurationIsVisible = 0;
			defaultConfigurationName = Release;
		};
/* End XCConfigurationList section */

/* Begin XCVersionGroup section */
		A55153A4175B23B600E72930 /* SuperClass.xcdatamodeld */ = {
			isa = XCVersionGroup;
			children = (
				A55153A5175B23B600E72930 /* SuperClass.xcdatamodel */,
			);
			currentVersion = A55153A5175B23B600E72930 /* SuperClass.xcdatamodel */;
			path = SuperClass.xcdatamodeld;
			sourceTree = "<group>";
			versionGroupType = wrapper.xcdatamodel;
		};
/* End XCVersionGroup section */
	};
	rootObject = A5B2CCEA17564CFD007BE78F /* Project object */;
}
